
Microsoft Visual Studio Solution File, Format Version 12.00
# Visual Studio Version 16
VisualStudioVersion = 16.0.31529.145
MinimumVisualStudioVersion = 10.0.40219.1
Project("{FAE04EC0-301F-11D3-BF4B-00C04F79EFBC}") = "Practice", "Practice\Practice.csproj", "{BC2BA431-9694-48C3-A674-734BAF934746}"
EndProject
Global
	GlobalSection(SolutionConfigurationPlatforms) = preSolution
		Debug|Any CPU = Debug|Any CPU
		Release|Any CPU = Release|Any CPU
	EndGlobalSection
	GlobalSection(ProjectConfigurationPlatforms) = postSolution
		{BC2BA431-9694-48C3-A674-734BAF934746}.Debug|Any CPU.ActiveCfg = Debug|Any CPU
		{BC2BA431-9694-48C3-A674-734BAF934746}.Debug|Any CPU.Build.0 = Debug|Any CPU
		{BC2BA431-9694-48C3-A674-734BAF934746}.Release|Any CPU.ActiveCfg = Release|Any CPU
		{BC2BA431-9694-48C3-A674-734BAF934746}.Release|Any CPU.Build.0 = Release|Any CPU
	EndGlobalSection
	GlobalSection(SolutionProperties) = preSolution
		HideSolutionNode = FALSE
	EndGlobalSection
	GlobalSection(ExtensibilityGlobals) = postSolution
		SolutionGuid = {3F672CB9-EB52-402D-B9F1-96571FE048F1}
	EndGlobalSection
EndGlobal
